// !$*UTF8*$!
{
	archiveVersion = 1;
	classes = {
	};
	objectVersion = 51;
	objects = {

/* Begin PBXBuildFile section */
		25E7F20FD21F8EA83C548871 /* Pods_AxxessChallenge.framework in Frameworks */ = {isa = PBXBuildFile; fileRef = DCC299DA0DFB3F894181418F /* Pods_AxxessChallenge.framework */; };
		28DF2148E9FEC664235C992E /* Pods_AxxessChallengeTests.framework in Frameworks */ = {isa = PBXBuildFile; fileRef = 866070A7A7320491E6A5473E /* Pods_AxxessChallengeTests.framework */; };
		5846FCE07BB607D59CF88EB0 /* Pods_AxxessChallenge_AxxessChallengeUITests.framework in Frameworks */ = {isa = PBXBuildFile; fileRef = 2A989D040A5F400A99EA43E4 /* Pods_AxxessChallenge_AxxessChallengeUITests.framework */; };
		BDF1503824BF0B81005C4C44 /* DataGridCell.swift in Sources */ = {isa = PBXBuildFile; fileRef = BDF1503724BF0B81005C4C44 /* DataGridCell.swift */; };
		BDF8B17424BE27F90021106F /* AppDelegate.swift in Sources */ = {isa = PBXBuildFile; fileRef = BDF8B17324BE27F90021106F /* AppDelegate.swift */; };
		BDF8B17624BE27F90021106F /* SceneDelegate.swift in Sources */ = {isa = PBXBuildFile; fileRef = BDF8B17524BE27F90021106F /* SceneDelegate.swift */; };
		BDF8B18024BE27FE0021106F /* LaunchScreen.storyboard in Resources */ = {isa = PBXBuildFile; fileRef = BDF8B17E24BE27FE0021106F /* LaunchScreen.storyboard */; };
		BDF8B18B24BE28000021106F /* AxxessChallengeTests.swift in Sources */ = {isa = PBXBuildFile; fileRef = BDF8B18A24BE28000021106F /* AxxessChallengeTests.swift */; };
		BDF8B19624BE28000021106F /* AxxessChallengeUITests.swift in Sources */ = {isa = PBXBuildFile; fileRef = BDF8B19524BE28000021106F /* AxxessChallengeUITests.swift */; };
		BDF8B1A424BE2A400021106F /* Constants.swift in Sources */ = {isa = PBXBuildFile; fileRef = BDF8B1A324BE2A400021106F /* Constants.swift */; };
		BDF8B1AC24BE2C070021106F /* WebServiceError.swift in Sources */ = {isa = PBXBuildFile; fileRef = BDF8B1A624BE2C070021106F /* WebServiceError.swift */; };
		BDF8B1D624BE2C250021106F /* Assets.xcassets in Resources */ = {isa = PBXBuildFile; fileRef = BDF8B1BC24BE2C240021106F /* Assets.xcassets */; };
		BDF8B1D724BE2C250021106F /* Localizable.strings in Resources */ = {isa = PBXBuildFile; fileRef = BDF8B1BD24BE2C240021106F /* Localizable.strings */; };
		BDF8B1D824BE2C250021106F /* avenir_black.ttf in Resources */ = {isa = PBXBuildFile; fileRef = BDF8B1BF24BE2C240021106F /* avenir_black.ttf */; };
		BDF8B1D924BE2C250021106F /* avenir_roman.ttf in Resources */ = {isa = PBXBuildFile; fileRef = BDF8B1C024BE2C240021106F /* avenir_roman.ttf */; };
		BDF8B1DA24BE2C250021106F /* avenir_book.ttf in Resources */ = {isa = PBXBuildFile; fileRef = BDF8B1C124BE2C240021106F /* avenir_book.ttf */; };
		BDF8B1DB24BE2C250021106F /* avenir_heavy.ttf in Resources */ = {isa = PBXBuildFile; fileRef = BDF8B1C224BE2C250021106F /* avenir_heavy.ttf */; };
		BDF8B1DC24BE2C250021106F /* avenir_light.ttf in Resources */ = {isa = PBXBuildFile; fileRef = BDF8B1C324BE2C250021106F /* avenir_light.ttf */; };
		BDF8B1DD24BE2C250021106F /* avenir_medium.ttf in Resources */ = {isa = PBXBuildFile; fileRef = BDF8B1C424BE2C250021106F /* avenir_medium.ttf */; };
		BDF8B1DE24BE2C250021106F /* ImageViewUtilities.swift in Sources */ = {isa = PBXBuildFile; fileRef = BDF8B1C624BE2C250021106F /* ImageViewUtilities.swift */; };
		BDF8B1DF24BE2C250021106F /* ViewUtilities.swift in Sources */ = {isa = PBXBuildFile; fileRef = BDF8B1C724BE2C250021106F /* ViewUtilities.swift */; };
		BDF8B1E024BE2C250021106F /* GCDBlackBox.swift in Sources */ = {isa = PBXBuildFile; fileRef = BDF8B1C824BE2C250021106F /* GCDBlackBox.swift */; };
		BDF8B1E124BE2C250021106F /* TableViewDataSource.swift in Sources */ = {isa = PBXBuildFile; fileRef = BDF8B1C924BE2C250021106F /* TableViewDataSource.swift */; };
		BDF8B1E224BE2C250021106F /* StringUtilities.swift in Sources */ = {isa = PBXBuildFile; fileRef = BDF8B1CA24BE2C250021106F /* StringUtilities.swift */; };
		BDF8B1E324BE2C250021106F /* TableViewUtilities.swift in Sources */ = {isa = PBXBuildFile; fileRef = BDF8B1CB24BE2C250021106F /* TableViewUtilities.swift */; };
		BDF8B1E424BE2C250021106F /* Labels.swift in Sources */ = {isa = PBXBuildFile; fileRef = BDF8B1CC24BE2C250021106F /* Labels.swift */; };
		BDF8B1E524BE2C250021106F /* Alerts.swift in Sources */ = {isa = PBXBuildFile; fileRef = BDF8B1CD24BE2C250021106F /* Alerts.swift */; };
		BDF8B1E624BE2C250021106F /* Dates.swift in Sources */ = {isa = PBXBuildFile; fileRef = BDF8B1CE24BE2C250021106F /* Dates.swift */; };
		BDF8B1E724BE2C250021106F /* Font.swift in Sources */ = {isa = PBXBuildFile; fileRef = BDF8B1CF24BE2C250021106F /* Font.swift */; };
		BDF8B1E824BE2C250021106F /* Color.swift in Sources */ = {isa = PBXBuildFile; fileRef = BDF8B1D024BE2C250021106F /* Color.swift */; };
		BDF8B1E924BE2C250021106F /* Configuration.swift in Sources */ = {isa = PBXBuildFile; fileRef = BDF8B1D124BE2C250021106F /* Configuration.swift */; };
		BDF8B1EE24BECD650021106F /* APIModel.swift in Sources */ = {isa = PBXBuildFile; fileRef = BDF8B1ED24BECD650021106F /* APIModel.swift */; };
		BDF8B1F024BECDF30021106F /* APIDataController.swift in Sources */ = {isa = PBXBuildFile; fileRef = BDF8B1EF24BECDF30021106F /* APIDataController.swift */; };
		BDF8B1F224BECF440021106F /* DBController.swift in Sources */ = {isa = PBXBuildFile; fileRef = BDF8B1F124BECF430021106F /* DBController.swift */; };
		BDF8B1F424BECFCB0021106F /* DBDataObj.swift in Sources */ = {isa = PBXBuildFile; fileRef = BDF8B1F324BECFCB0021106F /* DBDataObj.swift */; };
		BDF8B1F724BED8DA0021106F /* ListVC.swift in Sources */ = {isa = PBXBuildFile; fileRef = BDF8B1F624BED8DA0021106F /* ListVC.swift */; };
		BDF8B1F924BEE2D90021106F /* CollectionViewUtilities.swift in Sources */ = {isa = PBXBuildFile; fileRef = BDF8B1F824BEE2D90021106F /* CollectionViewUtilities.swift */; };
		BDF8B1FB24BEE30D0021106F /* DataTVC.swift in Sources */ = {isa = PBXBuildFile; fileRef = BDF8B1FA24BEE30D0021106F /* DataTVC.swift */; };
/* End PBXBuildFile section */

/* Begin PBXContainerItemProxy section */
		BDF8B18724BE28000021106F /* PBXContainerItemProxy */ = {
			isa = PBXContainerItemProxy;
			containerPortal = BDF8B16824BE27F80021106F /* Project object */;
			proxyType = 1;
			remoteGlobalIDString = BDF8B16F24BE27F80021106F;
			remoteInfo = AxxessChallenge;
		};
		BDF8B19224BE28000021106F /* PBXContainerItemProxy */ = {
			isa = PBXContainerItemProxy;
			containerPortal = BDF8B16824BE27F80021106F /* Project object */;
			proxyType = 1;
			remoteGlobalIDString = BDF8B16F24BE27F80021106F;
			remoteInfo = AxxessChallenge;
		};
/* End PBXContainerItemProxy section */

/* Begin PBXFileReference section */
		11DE8168F30AF10202310EF4 /* Pods-AxxessChallenge.release.xcconfig */ = {isa = PBXFileReference; includeInIndex = 1; lastKnownFileType = text.xcconfig; name = "Pods-AxxessChallenge.release.xcconfig"; path = "Target Support Files/Pods-AxxessChallenge/Pods-AxxessChallenge.release.xcconfig"; sourceTree = "<group>"; };
		2A989D040A5F400A99EA43E4 /* Pods_AxxessChallenge_AxxessChallengeUITests.framework */ = {isa = PBXFileReference; explicitFileType = wrapper.framework; includeInIndex = 0; path = Pods_AxxessChallenge_AxxessChallengeUITests.framework; sourceTree = BUILT_PRODUCTS_DIR; };
		45C1E5C38F8EAE22A3C13981 /* Pods-AxxessChallenge-AxxessChallengeUITests.release.xcconfig */ = {isa = PBXFileReference; includeInIndex = 1; lastKnownFileType = text.xcconfig; name = "Pods-AxxessChallenge-AxxessChallengeUITests.release.xcconfig"; path = "Target Support Files/Pods-AxxessChallenge-AxxessChallengeUITests/Pods-AxxessChallenge-AxxessChallengeUITests.release.xcconfig"; sourceTree = "<group>"; };
		469B702365EC80B8322742B4 /* Pods-AxxessChallenge.debug.xcconfig */ = {isa = PBXFileReference; includeInIndex = 1; lastKnownFileType = text.xcconfig; name = "Pods-AxxessChallenge.debug.xcconfig"; path = "Target Support Files/Pods-AxxessChallenge/Pods-AxxessChallenge.debug.xcconfig"; sourceTree = "<group>"; };
		6C827FC0779504332A3EFCE9 /* Pods-AxxessChallengeTests.release.xcconfig */ = {isa = PBXFileReference; includeInIndex = 1; lastKnownFileType = text.xcconfig; name = "Pods-AxxessChallengeTests.release.xcconfig"; path = "Target Support Files/Pods-AxxessChallengeTests/Pods-AxxessChallengeTests.release.xcconfig"; sourceTree = "<group>"; };
		866070A7A7320491E6A5473E /* Pods_AxxessChallengeTests.framework */ = {isa = PBXFileReference; explicitFileType = wrapper.framework; includeInIndex = 0; path = Pods_AxxessChallengeTests.framework; sourceTree = BUILT_PRODUCTS_DIR; };
		BDF1503724BF0B81005C4C44 /* DataGridCell.swift */ = {isa = PBXFileReference; lastKnownFileType = sourcecode.swift; path = DataGridCell.swift; sourceTree = "<group>"; };
		BDF8B17024BE27F90021106F /* AxxessChallenge.app */ = {isa = PBXFileReference; explicitFileType = wrapper.application; includeInIndex = 0; path = AxxessChallenge.app; sourceTree = BUILT_PRODUCTS_DIR; };
		BDF8B17324BE27F90021106F /* AppDelegate.swift */ = {isa = PBXFileReference; lastKnownFileType = sourcecode.swift; path = AppDelegate.swift; sourceTree = "<group>"; };
		BDF8B17524BE27F90021106F /* SceneDelegate.swift */ = {isa = PBXFileReference; lastKnownFileType = sourcecode.swift; path = SceneDelegate.swift; sourceTree = "<group>"; };
		BDF8B17F24BE27FE0021106F /* Base */ = {isa = PBXFileReference; lastKnownFileType = file.storyboard; name = Base; path = Base.lproj/LaunchScreen.storyboard; sourceTree = "<group>"; };
		BDF8B18124BE27FE0021106F /* Info.plist */ = {isa = PBXFileReference; lastKnownFileType = text.plist.xml; path = Info.plist; sourceTree = "<group>"; };
		BDF8B18624BE28000021106F /* AxxessChallengeTests.xctest */ = {isa = PBXFileReference; explicitFileType = wrapper.cfbundle; includeInIndex = 0; path = AxxessChallengeTests.xctest; sourceTree = BUILT_PRODUCTS_DIR; };
		BDF8B18A24BE28000021106F /* AxxessChallengeTests.swift */ = {isa = PBXFileReference; lastKnownFileType = sourcecode.swift; path = AxxessChallengeTests.swift; sourceTree = "<group>"; };
		BDF8B18C24BE28000021106F /* Info.plist */ = {isa = PBXFileReference; lastKnownFileType = text.plist.xml; path = Info.plist; sourceTree = "<group>"; };
		BDF8B19124BE28000021106F /* AxxessChallengeUITests.xctest */ = {isa = PBXFileReference; explicitFileType = wrapper.cfbundle; includeInIndex = 0; path = AxxessChallengeUITests.xctest; sourceTree = BUILT_PRODUCTS_DIR; };
		BDF8B19524BE28000021106F /* AxxessChallengeUITests.swift */ = {isa = PBXFileReference; lastKnownFileType = sourcecode.swift; path = AxxessChallengeUITests.swift; sourceTree = "<group>"; };
		BDF8B19724BE28000021106F /* Info.plist */ = {isa = PBXFileReference; lastKnownFileType = text.plist.xml; path = Info.plist; sourceTree = "<group>"; };
		BDF8B1A324BE2A400021106F /* Constants.swift */ = {isa = PBXFileReference; lastKnownFileType = sourcecode.swift; path = Constants.swift; sourceTree = "<group>"; };
		BDF8B1A624BE2C070021106F /* WebServiceError.swift */ = {isa = PBXFileReference; fileEncoding = 4; lastKnownFileType = sourcecode.swift; path = WebServiceError.swift; sourceTree = "<group>"; };
		BDF8B1BC24BE2C240021106F /* Assets.xcassets */ = {isa = PBXFileReference; lastKnownFileType = folder.assetcatalog; path = Assets.xcassets; sourceTree = "<group>"; };
		BDF8B1BD24BE2C240021106F /* Localizable.strings */ = {isa = PBXFileReference; fileEncoding = 4; lastKnownFileType = text.plist.strings; path = Localizable.strings; sourceTree = "<group>"; };
		BDF8B1BF24BE2C240021106F /* avenir_black.ttf */ = {isa = PBXFileReference; lastKnownFileType = file; path = avenir_black.ttf; sourceTree = "<group>"; };
		BDF8B1C024BE2C240021106F /* avenir_roman.ttf */ = {isa = PBXFileReference; lastKnownFileType = file; path = avenir_roman.ttf; sourceTree = "<group>"; };
		BDF8B1C124BE2C240021106F /* avenir_book.ttf */ = {isa = PBXFileReference; lastKnownFileType = file; path = avenir_book.ttf; sourceTree = "<group>"; };
		BDF8B1C224BE2C250021106F /* avenir_heavy.ttf */ = {isa = PBXFileReference; lastKnownFileType = file; path = avenir_heavy.ttf; sourceTree = "<group>"; };
		BDF8B1C324BE2C250021106F /* avenir_light.ttf */ = {isa = PBXFileReference; lastKnownFileType = file; path = avenir_light.ttf; sourceTree = "<group>"; };
		BDF8B1C424BE2C250021106F /* avenir_medium.ttf */ = {isa = PBXFileReference; lastKnownFileType = file; path = avenir_medium.ttf; sourceTree = "<group>"; };
		BDF8B1C624BE2C250021106F /* ImageViewUtilities.swift */ = {isa = PBXFileReference; fileEncoding = 4; lastKnownFileType = sourcecode.swift; path = ImageViewUtilities.swift; sourceTree = "<group>"; };
		BDF8B1C724BE2C250021106F /* ViewUtilities.swift */ = {isa = PBXFileReference; fileEncoding = 4; lastKnownFileType = sourcecode.swift; path = ViewUtilities.swift; sourceTree = "<group>"; };
		BDF8B1C824BE2C250021106F /* GCDBlackBox.swift */ = {isa = PBXFileReference; fileEncoding = 4; lastKnownFileType = sourcecode.swift; path = GCDBlackBox.swift; sourceTree = "<group>"; };
		BDF8B1C924BE2C250021106F /* TableViewDataSource.swift */ = {isa = PBXFileReference; fileEncoding = 4; lastKnownFileType = sourcecode.swift; path = TableViewDataSource.swift; sourceTree = "<group>"; };
		BDF8B1CA24BE2C250021106F /* StringUtilities.swift */ = {isa = PBXFileReference; fileEncoding = 4; lastKnownFileType = sourcecode.swift; path = StringUtilities.swift; sourceTree = "<group>"; };
		BDF8B1CB24BE2C250021106F /* TableViewUtilities.swift */ = {isa = PBXFileReference; fileEncoding = 4; lastKnownFileType = sourcecode.swift; path = TableViewUtilities.swift; sourceTree = "<group>"; };
		BDF8B1CC24BE2C250021106F /* Labels.swift */ = {isa = PBXFileReference; fileEncoding = 4; lastKnownFileType = sourcecode.swift; path = Labels.swift; sourceTree = "<group>"; };
		BDF8B1CD24BE2C250021106F /* Alerts.swift */ = {isa = PBXFileReference; fileEncoding = 4; lastKnownFileType = sourcecode.swift; path = Alerts.swift; sourceTree = "<group>"; };
		BDF8B1CE24BE2C250021106F /* Dates.swift */ = {isa = PBXFileReference; fileEncoding = 4; lastKnownFileType = sourcecode.swift; path = Dates.swift; sourceTree = "<group>"; };
		BDF8B1CF24BE2C250021106F /* Font.swift */ = {isa = PBXFileReference; fileEncoding = 4; lastKnownFileType = sourcecode.swift; path = Font.swift; sourceTree = "<group>"; };
		BDF8B1D024BE2C250021106F /* Color.swift */ = {isa = PBXFileReference; fileEncoding = 4; lastKnownFileType = sourcecode.swift; path = Color.swift; sourceTree = "<group>"; };
		BDF8B1D124BE2C250021106F /* Configuration.swift */ = {isa = PBXFileReference; fileEncoding = 4; lastKnownFileType = sourcecode.swift; path = Configuration.swift; sourceTree = "<group>"; };
		BDF8B1ED24BECD650021106F /* APIModel.swift */ = {isa = PBXFileReference; lastKnownFileType = sourcecode.swift; path = APIModel.swift; sourceTree = "<group>"; };
		BDF8B1EF24BECDF30021106F /* APIDataController.swift */ = {isa = PBXFileReference; lastKnownFileType = sourcecode.swift; path = APIDataController.swift; sourceTree = "<group>"; };
		BDF8B1F124BECF430021106F /* DBController.swift */ = {isa = PBXFileReference; lastKnownFileType = sourcecode.swift; path = DBController.swift; sourceTree = "<group>"; };
		BDF8B1F324BECFCB0021106F /* DBDataObj.swift */ = {isa = PBXFileReference; lastKnownFileType = sourcecode.swift; path = DBDataObj.swift; sourceTree = "<group>"; };
		BDF8B1F624BED8DA0021106F /* ListVC.swift */ = {isa = PBXFileReference; lastKnownFileType = sourcecode.swift; path = ListVC.swift; sourceTree = "<group>"; };
		BDF8B1F824BEE2D90021106F /* CollectionViewUtilities.swift */ = {isa = PBXFileReference; lastKnownFileType = sourcecode.swift; path = CollectionViewUtilities.swift; sourceTree = "<group>"; };
		BDF8B1FA24BEE30D0021106F /* DataTVC.swift */ = {isa = PBXFileReference; lastKnownFileType = sourcecode.swift; path = DataTVC.swift; sourceTree = "<group>"; };
		C5041F2AD9893E4A6D9764E6 /* Pods-AxxessChallenge-AxxessChallengeUITests.debug.xcconfig */ = {isa = PBXFileReference; includeInIndex = 1; lastKnownFileType = text.xcconfig; name = "Pods-AxxessChallenge-AxxessChallengeUITests.debug.xcconfig"; path = "Target Support Files/Pods-AxxessChallenge-AxxessChallengeUITests/Pods-AxxessChallenge-AxxessChallengeUITests.debug.xcconfig"; sourceTree = "<group>"; };
		DCC299DA0DFB3F894181418F /* Pods_AxxessChallenge.framework */ = {isa = PBXFileReference; explicitFileType = wrapper.framework; includeInIndex = 0; path = Pods_AxxessChallenge.framework; sourceTree = BUILT_PRODUCTS_DIR; };
		FFB1A74EB4663123BBB44BB3 /* Pods-AxxessChallengeTests.debug.xcconfig */ = {isa = PBXFileReference; includeInIndex = 1; lastKnownFileType = text.xcconfig; name = "Pods-AxxessChallengeTests.debug.xcconfig"; path = "Target Support Files/Pods-AxxessChallengeTests/Pods-AxxessChallengeTests.debug.xcconfig"; sourceTree = "<group>"; };
/* End PBXFileReference section */

/* Begin PBXFrameworksBuildPhase section */
		BDF8B16D24BE27F80021106F /* Frameworks */ = {
			isa = PBXFrameworksBuildPhase;
			buildActionMask = 2147483647;
			files = (
				25E7F20FD21F8EA83C548871 /* Pods_AxxessChallenge.framework in Frameworks */,
			);
			runOnlyForDeploymentPostprocessing = 0;
		};
		BDF8B18324BE28000021106F /* Frameworks */ = {
			isa = PBXFrameworksBuildPhase;
			buildActionMask = 2147483647;
			files = (
				28DF2148E9FEC664235C992E /* Pods_AxxessChallengeTests.framework in Frameworks */,
			);
			runOnlyForDeploymentPostprocessing = 0;
		};
		BDF8B18E24BE28000021106F /* Frameworks */ = {
			isa = PBXFrameworksBuildPhase;
			buildActionMask = 2147483647;
			files = (
				5846FCE07BB607D59CF88EB0 /* Pods_AxxessChallenge_AxxessChallengeUITests.framework in Frameworks */,
			);
			runOnlyForDeploymentPostprocessing = 0;
		};
/* End PBXFrameworksBuildPhase section */

/* Begin PBXGroup section */
		00AD3F2AEFC7F4E44D652A3C /* Pods */ = {
			isa = PBXGroup;
			children = (
				469B702365EC80B8322742B4 /* Pods-AxxessChallenge.debug.xcconfig */,
				11DE8168F30AF10202310EF4 /* Pods-AxxessChallenge.release.xcconfig */,
				C5041F2AD9893E4A6D9764E6 /* Pods-AxxessChallenge-AxxessChallengeUITests.debug.xcconfig */,
				45C1E5C38F8EAE22A3C13981 /* Pods-AxxessChallenge-AxxessChallengeUITests.release.xcconfig */,
				FFB1A74EB4663123BBB44BB3 /* Pods-AxxessChallengeTests.debug.xcconfig */,
				6C827FC0779504332A3EFCE9 /* Pods-AxxessChallengeTests.release.xcconfig */,
			);
			path = Pods;
			sourceTree = "<group>";
		};
		9F9D04317D0D554DB851B5CE /* Frameworks */ = {
			isa = PBXGroup;
			children = (
				DCC299DA0DFB3F894181418F /* Pods_AxxessChallenge.framework */,
				2A989D040A5F400A99EA43E4 /* Pods_AxxessChallenge_AxxessChallengeUITests.framework */,
				866070A7A7320491E6A5473E /* Pods_AxxessChallengeTests.framework */,
			);
			name = Frameworks;
			sourceTree = "<group>";
		};
		BDF8B16724BE27F80021106F = {
			isa = PBXGroup;
			children = (
				BDF8B17224BE27F90021106F /* AxxessChallenge */,
				BDF8B18924BE28000021106F /* AxxessChallengeTests */,
				BDF8B19424BE28000021106F /* AxxessChallengeUITests */,
				BDF8B17124BE27F90021106F /* Products */,
				00AD3F2AEFC7F4E44D652A3C /* Pods */,
				9F9D04317D0D554DB851B5CE /* Frameworks */,
			);
			sourceTree = "<group>";
		};
		BDF8B17124BE27F90021106F /* Products */ = {
			isa = PBXGroup;
			children = (
				BDF8B17024BE27F90021106F /* AxxessChallenge.app */,
				BDF8B18624BE28000021106F /* AxxessChallengeTests.xctest */,
				BDF8B19124BE28000021106F /* AxxessChallengeUITests.xctest */,
			);
			name = Products;
			sourceTree = "<group>";
		};
		BDF8B17224BE27F90021106F /* AxxessChallenge */ = {
			isa = PBXGroup;
			children = (
				BDF8B17324BE27F90021106F /* AppDelegate.swift */,
				BDF8B17524BE27F90021106F /* SceneDelegate.swift */,
				BDF8B1A324BE2A400021106F /* Constants.swift */,
				BDF8B1B524BE2C240021106F /* ViewControllers */,
				BDF8B1B024BE2C110021106F /* ViewsCells */,
				BDF8B1F524BED2C00021106F /* Database */,
				BDF8B1A524BE2C070021106F /* WebServices */,
				BDF8B1BB24BE2C240021106F /* Resources */,
				BDF8B1C524BE2C250021106F /* Utilities */,
				BDF8B1EA24BE2C650021106F /* Storyboards */,
				BDF8B18124BE27FE0021106F /* Info.plist */,
			);
			path = AxxessChallenge;
			sourceTree = "<group>";
		};
		BDF8B18924BE28000021106F /* AxxessChallengeTests */ = {
			isa = PBXGroup;
			children = (
				BDF8B18A24BE28000021106F /* AxxessChallengeTests.swift */,
				BDF8B18C24BE28000021106F /* Info.plist */,
			);
			path = AxxessChallengeTests;
			sourceTree = "<group>";
		};
		BDF8B19424BE28000021106F /* AxxessChallengeUITests */ = {
			isa = PBXGroup;
			children = (
				BDF8B19524BE28000021106F /* AxxessChallengeUITests.swift */,
				BDF8B19724BE28000021106F /* Info.plist */,
			);
			path = AxxessChallengeUITests;
			sourceTree = "<group>";
		};
		BDF8B1A524BE2C070021106F /* WebServices */ = {
			isa = PBXGroup;
			children = (
				BDF8B1A624BE2C070021106F /* WebServiceError.swift */,
				BDF8B1A724BE2C070021106F /* APIConfigurations */,
				BDF8B1AA24BE2C070021106F /* APIController */,
			);
			path = WebServices;
			sourceTree = "<group>";
		};
		BDF8B1A724BE2C070021106F /* APIConfigurations */ = {
			isa = PBXGroup;
			children = (
				BDF8B1ED24BECD650021106F /* APIModel.swift */,
			);
			path = APIConfigurations;
			sourceTree = "<group>";
		};
		BDF8B1AA24BE2C070021106F /* APIController */ = {
			isa = PBXGroup;
			children = (
				BDF8B1EF24BECDF30021106F /* APIDataController.swift */,
			);
			path = APIController;
			sourceTree = "<group>";
		};
		BDF8B1B024BE2C110021106F /* ViewsCells */ = {
			isa = PBXGroup;
			children = (
				BDF8B1FA24BEE30D0021106F /* DataTVC.swift */,
				BDF1503724BF0B81005C4C44 /* DataGridCell.swift */,
			);
			name = ViewsCells;
			path = AxxessChallenge/ViewsCells;
			sourceTree = SOURCE_ROOT;
		};
		BDF8B1B524BE2C240021106F /* ViewControllers */ = {
			isa = PBXGroup;
			children = (
				BDF8B1F624BED8DA0021106F /* ListVC.swift */,
			);
			path = ViewControllers;
			sourceTree = "<group>";
		};
		BDF8B1BB24BE2C240021106F /* Resources */ = {
			isa = PBXGroup;
			children = (
				BDF8B1BC24BE2C240021106F /* Assets.xcassets */,
				BDF8B1BD24BE2C240021106F /* Localizable.strings */,
				BDF8B1BE24BE2C240021106F /* Fonts */,
			);
			path = Resources;
			sourceTree = "<group>";
		};
		BDF8B1BE24BE2C240021106F /* Fonts */ = {
			isa = PBXGroup;
			children = (
				BDF8B1BF24BE2C240021106F /* avenir_black.ttf */,
				BDF8B1C024BE2C240021106F /* avenir_roman.ttf */,
				BDF8B1C124BE2C240021106F /* avenir_book.ttf */,
				BDF8B1C224BE2C250021106F /* avenir_heavy.ttf */,
				BDF8B1C324BE2C250021106F /* avenir_light.ttf */,
				BDF8B1C424BE2C250021106F /* avenir_medium.ttf */,
			);
			path = Fonts;
			sourceTree = "<group>";
		};
		BDF8B1C524BE2C250021106F /* Utilities */ = {
			isa = PBXGroup;
			children = (
				BDF8B1C624BE2C250021106F /* ImageViewUtilities.swift */,
				BDF8B1C724BE2C250021106F /* ViewUtilities.swift */,
				BDF8B1C824BE2C250021106F /* GCDBlackBox.swift */,
				BDF8B1C924BE2C250021106F /* TableViewDataSource.swift */,
				BDF8B1CA24BE2C250021106F /* StringUtilities.swift */,
				BDF8B1CB24BE2C250021106F /* TableViewUtilities.swift */,
				BDF8B1F824BEE2D90021106F /* CollectionViewUtilities.swift */,
				BDF8B1CC24BE2C250021106F /* Labels.swift */,
				BDF8B1CD24BE2C250021106F /* Alerts.swift */,
				BDF8B1CE24BE2C250021106F /* Dates.swift */,
				BDF8B1CF24BE2C250021106F /* Font.swift */,
				BDF8B1D024BE2C250021106F /* Color.swift */,
				BDF8B1D124BE2C250021106F /* Configuration.swift */,
			);
			path = Utilities;
			sourceTree = "<group>";
		};
		BDF8B1EA24BE2C650021106F /* Storyboards */ = {
			isa = PBXGroup;
			children = (
				BDF8B17E24BE27FE0021106F /* LaunchScreen.storyboard */,
			);
			path = Storyboards;
			sourceTree = "<group>";
		};
		BDF8B1F524BED2C00021106F /* Database */ = {
			isa = PBXGroup;
			children = (
				BDF8B1F124BECF430021106F /* DBController.swift */,
				BDF8B1F324BECFCB0021106F /* DBDataObj.swift */,
			);
			path = Database;
			sourceTree = "<group>";
		};
/* End PBXGroup section */

/* Begin PBXNativeTarget section */
		BDF8B16F24BE27F80021106F /* AxxessChallenge */ = {
			isa = PBXNativeTarget;
			buildConfigurationList = BDF8B19A24BE28000021106F /* Build configuration list for PBXNativeTarget "AxxessChallenge" */;
			buildPhases = (
				D11B8FF76CF629BB7E3CA3FC /* [CP] Check Pods Manifest.lock */,
				BDF8B16C24BE27F80021106F /* Sources */,
				BDF8B16D24BE27F80021106F /* Frameworks */,
				BDF8B16E24BE27F80021106F /* Resources */,
				2F3EDDB833A1A5A74F6F43C2 /* [CP] Embed Pods Frameworks */,
			);
			buildRules = (
			);
			dependencies = (
			);
			name = AxxessChallenge;
			productName = AxxessChallenge;
			productReference = BDF8B17024BE27F90021106F /* AxxessChallenge.app */;
			productType = "com.apple.product-type.application";
		};
		BDF8B18524BE28000021106F /* AxxessChallengeTests */ = {
			isa = PBXNativeTarget;
			buildConfigurationList = BDF8B19D24BE28000021106F /* Build configuration list for PBXNativeTarget "AxxessChallengeTests" */;
			buildPhases = (
				E2508CF239E6A2A9FA00BD8F /* [CP] Check Pods Manifest.lock */,
				BDF8B18224BE28000021106F /* Sources */,
				BDF8B18324BE28000021106F /* Frameworks */,
				BDF8B18424BE28000021106F /* Resources */,
			);
			buildRules = (
			);
			dependencies = (
				BDF8B18824BE28000021106F /* PBXTargetDependency */,
			);
			name = AxxessChallengeTests;
			productName = AxxessChallengeTests;
			productReference = BDF8B18624BE28000021106F /* AxxessChallengeTests.xctest */;
			productType = "com.apple.product-type.bundle.unit-test";
		};
		BDF8B19024BE28000021106F /* AxxessChallengeUITests */ = {
			isa = PBXNativeTarget;
			buildConfigurationList = BDF8B1A024BE28000021106F /* Build configuration list for PBXNativeTarget "AxxessChallengeUITests" */;
			buildPhases = (
				62B03636D769BBFAF1D5DA96 /* [CP] Check Pods Manifest.lock */,
				BDF8B18D24BE28000021106F /* Sources */,
				BDF8B18E24BE28000021106F /* Frameworks */,
				BDF8B18F24BE28000021106F /* Resources */,
				D91D45CF962E25B435246777 /* [CP] Embed Pods Frameworks */,
			);
			buildRules = (
			);
			dependencies = (
				BDF8B19324BE28000021106F /* PBXTargetDependency */,
			);
			name = AxxessChallengeUITests;
			productName = AxxessChallengeUITests;
			productReference = BDF8B19124BE28000021106F /* AxxessChallengeUITests.xctest */;
			productType = "com.apple.product-type.bundle.ui-testing";
		};
/* End PBXNativeTarget section */

/* Begin PBXProject section */
		BDF8B16824BE27F80021106F /* Project object */ = {
			isa = PBXProject;
			attributes = {
				LastSwiftUpdateCheck = 1120;
				LastUpgradeCheck = 1120;
				ORGANIZATIONNAME = "Nabil Kazi";
				TargetAttributes = {
					BDF8B16F24BE27F80021106F = {
						CreatedOnToolsVersion = 11.2.1;
					};
					BDF8B18524BE28000021106F = {
						CreatedOnToolsVersion = 11.2.1;
						TestTargetID = BDF8B16F24BE27F80021106F;
					};
					BDF8B19024BE28000021106F = {
						CreatedOnToolsVersion = 11.2.1;
						TestTargetID = BDF8B16F24BE27F80021106F;
					};
				};
			};
			buildConfigurationList = BDF8B16B24BE27F80021106F /* Build configuration list for PBXProject "AxxessChallenge" */;
			compatibilityVersion = "Xcode 9.3";
			developmentRegion = en;
			hasScannedForEncodings = 0;
			knownRegions = (
				en,
				Base,
			);
			mainGroup = BDF8B16724BE27F80021106F;
			productRefGroup = BDF8B17124BE27F90021106F /* Products */;
			projectDirPath = "";
			projectRoot = "";
			targets = (
				BDF8B16F24BE27F80021106F /* AxxessChallenge */,
				BDF8B18524BE28000021106F /* AxxessChallengeTests */,
				BDF8B19024BE28000021106F /* AxxessChallengeUITests */,
			);
		};
/* End PBXProject section */

/* Begin PBXResourcesBuildPhase section */
		BDF8B16E24BE27F80021106F /* Resources */ = {
			isa = PBXResourcesBuildPhase;
			buildActionMask = 2147483647;
			files = (
				BDF8B18024BE27FE0021106F /* LaunchScreen.storyboard in Resources */,
				BDF8B1D724BE2C250021106F /* Localizable.strings in Resources */,
				BDF8B1DD24BE2C250021106F /* avenir_medium.ttf in Resources */,
				BDF8B1D824BE2C250021106F /* avenir_black.ttf in Resources */,
				BDF8B1DC24BE2C250021106F /* avenir_light.ttf in Resources */,
				BDF8B1DA24BE2C250021106F /* avenir_book.ttf in Resources */,
				BDF8B1DB24BE2C250021106F /* avenir_heavy.ttf in Resources */,
				BDF8B1D924BE2C250021106F /* avenir_roman.ttf in Resources */,
				BDF8B1D624BE2C250021106F /* Assets.xcassets in Resources */,
			);
			runOnlyForDeploymentPostprocessing = 0;
		};
		BDF8B18424BE28000021106F /* Resources */ = {
			isa = PBXResourcesBuildPhase;
			buildActionMask = 2147483647;
			files = (
			);
			runOnlyForDeploymentPostprocessing = 0;
		};
		BDF8B18F24BE28000021106F /* Resources */ = {
			isa = PBXResourcesBuildPhase;
			buildActionMask = 2147483647;
			files = (
			);
			runOnlyForDeploymentPostprocessing = 0;
		};
/* End PBXResourcesBuildPhase section */

/* Begin PBXShellScriptBuildPhase section */
		2F3EDDB833A1A5A74F6F43C2 /* [CP] Embed Pods Frameworks */ = {
			isa = PBXShellScriptBuildPhase;
			buildActionMask = 2147483647;
			files = (
			);
			inputFileListPaths = (
				"${PODS_ROOT}/Target Support Files/Pods-AxxessChallenge/Pods-AxxessChallenge-frameworks-${CONFIGURATION}-input-files.xcfilelist",
			);
			name = "[CP] Embed Pods Frameworks";
			outputFileListPaths = (
				"${PODS_ROOT}/Target Support Files/Pods-AxxessChallenge/Pods-AxxessChallenge-frameworks-${CONFIGURATION}-output-files.xcfilelist",
			);
			runOnlyForDeploymentPostprocessing = 0;
			shellPath = /bin/sh;
			shellScript = "\"${PODS_ROOT}/Target Support Files/Pods-AxxessChallenge/Pods-AxxessChallenge-frameworks.sh\"\n";
			showEnvVarsInLog = 0;
		};
		62B03636D769BBFAF1D5DA96 /* [CP] Check Pods Manifest.lock */ = {
			isa = PBXShellScriptBuildPhase;
			buildActionMask = 2147483647;
			files = (
			);
			inputFileListPaths = (
			);
			inputPaths = (
				"${PODS_PODFILE_DIR_PATH}/Podfile.lock",
				"${PODS_ROOT}/Manifest.lock",
			);
			name = "[CP] Check Pods Manifest.lock";
			outputFileListPaths = (
			);
			outputPaths = (
				"$(DERIVED_FILE_DIR)/Pods-AxxessChallenge-AxxessChallengeUITests-checkManifestLockResult.txt",
			);
			runOnlyForDeploymentPostprocessing = 0;
			shellPath = /bin/sh;
			shellScript = "diff \"${PODS_PODFILE_DIR_PATH}/Podfile.lock\" \"${PODS_ROOT}/Manifest.lock\" > /dev/null\nif [ $? != 0 ] ; then\n    # print error to STDERR\n    echo \"error: The sandbox is not in sync with the Podfile.lock. Run 'pod install' or update your CocoaPods installation.\" >&2\n    exit 1\nfi\n# This output is used by Xcode 'outputs' to avoid re-running this script phase.\necho \"SUCCESS\" > \"${SCRIPT_OUTPUT_FILE_0}\"\n";
			showEnvVarsInLog = 0;
		};
		D11B8FF76CF629BB7E3CA3FC /* [CP] Check Pods Manifest.lock */ = {
			isa = PBXShellScriptBuildPhase;
			buildActionMask = 2147483647;
			files = (
			);
			inputFileListPaths = (
			);
			inputPaths = (
				"${PODS_PODFILE_DIR_PATH}/Podfile.lock",
				"${PODS_ROOT}/Manifest.lock",
			);
			name = "[CP] Check Pods Manifest.lock";
			outputFileListPaths = (
			);
			outputPaths = (
				"$(DERIVED_FILE_DIR)/Pods-AxxessChallenge-checkManifestLockResult.txt",
			);
			runOnlyForDeploymentPostprocessing = 0;
			shellPath = /bin/sh;
			shellScript = "diff \"${PODS_PODFILE_DIR_PATH}/Podfile.lock\" \"${PODS_ROOT}/Manifest.lock\" > /dev/null\nif [ $? != 0 ] ; then\n    # print error to STDERR\n    echo \"error: The sandbox is not in sync with the Podfile.lock. Run 'pod install' or update your CocoaPods installation.\" >&2\n    exit 1\nfi\n# This output is used by Xcode 'outputs' to avoid re-running this script phase.\necho \"SUCCESS\" > \"${SCRIPT_OUTPUT_FILE_0}\"\n";
			showEnvVarsInLog = 0;
		};
		D91D45CF962E25B435246777 /* [CP] Embed Pods Frameworks */ = {
			isa = PBXShellScriptBuildPhase;
			buildActionMask = 2147483647;
			files = (
			);
			inputFileListPaths = (
				"${PODS_ROOT}/Target Support Files/Pods-AxxessChallenge-AxxessChallengeUITests/Pods-AxxessChallenge-AxxessChallengeUITests-frameworks-${CONFIGURATION}-input-files.xcfilelist",
			);
			name = "[CP] Embed Pods Frameworks";
			outputFileListPaths = (
				"${PODS_ROOT}/Target Support Files/Pods-AxxessChallenge-AxxessChallengeUITests/Pods-AxxessChallenge-AxxessChallengeUITests-frameworks-${CONFIGURATION}-output-files.xcfilelist",
			);
			runOnlyForDeploymentPostprocessing = 0;
			shellPath = /bin/sh;
			shellScript = "\"${PODS_ROOT}/Target Support Files/Pods-AxxessChallenge-AxxessChallengeUITests/Pods-AxxessChallenge-AxxessChallengeUITests-frameworks.sh\"\n";
			showEnvVarsInLog = 0;
		};
		E2508CF239E6A2A9FA00BD8F /* [CP] Check Pods Manifest.lock */ = {
			isa = PBXShellScriptBuildPhase;
			buildActionMask = 2147483647;
			files = (
			);
			inputFileListPaths = (
			);
			inputPaths = (
				"${PODS_PODFILE_DIR_PATH}/Podfile.lock",
				"${PODS_ROOT}/Manifest.lock",
			);
			name = "[CP] Check Pods Manifest.lock";
			outputFileListPaths = (
			);
			outputPaths = (
				"$(DERIVED_FILE_DIR)/Pods-AxxessChallengeTests-checkManifestLockResult.txt",
			);
			runOnlyForDeploymentPostprocessing = 0;
			shellPath = /bin/sh;
			shellScript = "diff \"${PODS_PODFILE_DIR_PATH}/Podfile.lock\" \"${PODS_ROOT}/Manifest.lock\" > /dev/null\nif [ $? != 0 ] ; then\n    # print error to STDERR\n    echo \"error: The sandbox is not in sync with the Podfile.lock. Run 'pod install' or update your CocoaPods installation.\" >&2\n    exit 1\nfi\n# This output is used by Xcode 'outputs' to avoid re-running this script phase.\necho \"SUCCESS\" > \"${SCRIPT_OUTPUT_FILE_0}\"\n";
			showEnvVarsInLog = 0;
		};
/* End PBXShellScriptBuildPhase section */

/* Begin PBXSourcesBuildPhase section */
		BDF8B16C24BE27F80021106F /* Sources */ = {
			isa = PBXSourcesBuildPhase;
			buildActionMask = 2147483647;
			files = (
				BDF8B1F724BED8DA0021106F /* ListVC.swift in Sources */,
				BDF8B1E024BE2C250021106F /* GCDBlackBox.swift in Sources */,
				BDF8B1AC24BE2C070021106F /* WebServiceError.swift in Sources */,
				BDF8B1E124BE2C250021106F /* TableViewDataSource.swift in Sources */,
				BDF8B1E724BE2C250021106F /* Font.swift in Sources */,
				BDF8B1E824BE2C250021106F /* Color.swift in Sources */,
				BDF8B1E424BE2C250021106F /* Labels.swift in Sources */,
				BDF8B1E224BE2C250021106F /* StringUtilities.swift in Sources */,
				BDF8B1E924BE2C250021106F /* Configuration.swift in Sources */,
				BDF8B1DE24BE2C250021106F /* ImageViewUtilities.swift in Sources */,
				BDF8B1F424BECFCB0021106F /* DBDataObj.swift in Sources */,
				BDF8B17424BE27F90021106F /* AppDelegate.swift in Sources */,
				BDF8B1E624BE2C250021106F /* Dates.swift in Sources */,
				BDF8B17624BE27F90021106F /* SceneDelegate.swift in Sources */,
				BDF8B1E324BE2C250021106F /* TableViewUtilities.swift in Sources */,
				BDF8B1DF24BE2C250021106F /* ViewUtilities.swift in Sources */,
				BDF8B1A424BE2A400021106F /* Constants.swift in Sources */,
				BDF8B1EE24BECD650021106F /* APIModel.swift in Sources */,
				BDF8B1FB24BEE30D0021106F /* DataTVC.swift in Sources */,
				BDF8B1F024BECDF30021106F /* APIDataController.swift in Sources */,
				BDF8B1F924BEE2D90021106F /* CollectionViewUtilities.swift in Sources */,
				BDF1503824BF0B81005C4C44 /* DataGridCell.swift in Sources */,
				BDF8B1E524BE2C250021106F /* Alerts.swift in Sources */,
				BDF8B1F224BECF440021106F /* DBController.swift in Sources */,
			);
			runOnlyForDeploymentPostprocessing = 0;
		};
		BDF8B18224BE28000021106F /* Sources */ = {
			isa = PBXSourcesBuildPhase;
			buildActionMask = 2147483647;
			files = (
				BDF8B18B24BE28000021106F /* AxxessChallengeTests.swift in Sources */,
			);
			runOnlyForDeploymentPostprocessing = 0;
		};
		BDF8B18D24BE28000021106F /* Sources */ = {
			isa = PBXSourcesBuildPhase;
			buildActionMask = 2147483647;
			files = (
				BDF8B19624BE28000021106F /* AxxessChallengeUITests.swift in Sources */,
			);
			runOnlyForDeploymentPostprocessing = 0;
		};
/* End PBXSourcesBuildPhase section */

/* Begin PBXTargetDependency section */
		BDF8B18824BE28000021106F /* PBXTargetDependency */ = {
			isa = PBXTargetDependency;
			target = BDF8B16F24BE27F80021106F /* AxxessChallenge */;
			targetProxy = BDF8B18724BE28000021106F /* PBXContainerItemProxy */;
		};
		BDF8B19324BE28000021106F /* PBXTargetDependency */ = {
			isa = PBXTargetDependency;
			target = BDF8B16F24BE27F80021106F /* AxxessChallenge */;
			targetProxy = BDF8B19224BE28000021106F /* PBXContainerItemProxy */;
		};
/* End PBXTargetDependency section */

/* Begin PBXVariantGroup section */
		BDF8B17E24BE27FE0021106F /* LaunchScreen.storyboard */ = {
			isa = PBXVariantGroup;
			children = (
				BDF8B17F24BE27FE0021106F /* Base */,
			);
			name = LaunchScreen.storyboard;
			sourceTree = "<group>";
		};
/* End PBXVariantGroup section */

/* Begin XCBuildConfiguration section */
		BDF8B19824BE28000021106F /* Debug */ = {
			isa = XCBuildConfiguration;
			buildSettings = {
				ALWAYS_SEARCH_USER_PATHS = NO;
				CLANG_ANALYZER_NONNULL = YES;
				CLANG_ANALYZER_NUMBER_OBJECT_CONVERSION = YES_AGGRESSIVE;
				CLANG_CXX_LANGUAGE_STANDARD = "gnu++14";
				CLANG_CXX_LIBRARY = "libc++";
				CLANG_ENABLE_MODULES = YES;
				CLANG_ENABLE_OBJC_ARC = YES;
				CLANG_ENABLE_OBJC_WEAK = YES;
				CLANG_WARN_BLOCK_CAPTURE_AUTORELEASING = YES;
				CLANG_WARN_BOOL_CONVERSION = YES;
				CLANG_WARN_COMMA = YES;
				CLANG_WARN_CONSTANT_CONVERSION = YES;
				CLANG_WARN_DEPRECATED_OBJC_IMPLEMENTATIONS = YES;
				CLANG_WARN_DIRECT_OBJC_ISA_USAGE = YES_ERROR;
				CLANG_WARN_DOCUMENTATION_COMMENTS = YES;
				CLANG_WARN_EMPTY_BODY = YES;
				CLANG_WARN_ENUM_CONVERSION = YES;
				CLANG_WARN_INFINITE_RECURSION = YES;
				CLANG_WARN_INT_CONVERSION = YES;
				CLANG_WARN_NON_LITERAL_NULL_CONVERSION = YES;
				CLANG_WARN_OBJC_IMPLICIT_RETAIN_SELF = YES;
				CLANG_WARN_OBJC_LITERAL_CONVERSION = YES;
				CLANG_WARN_OBJC_ROOT_CLASS = YES_ERROR;
				CLANG_WARN_RANGE_LOOP_ANALYSIS = YES;
				CLANG_WARN_STRICT_PROTOTYPES = YES;
				CLANG_WARN_SUSPICIOUS_MOVE = YES;
				CLANG_WARN_UNGUARDED_AVAILABILITY = YES_AGGRESSIVE;
				CLANG_WARN_UNREACHABLE_CODE = YES;
				CLANG_WARN__DUPLICATE_METHOD_MATCH = YES;
				COPY_PHASE_STRIP = NO;
				DEBUG_INFORMATION_FORMAT = dwarf;
				ENABLE_STRICT_OBJC_MSGSEND = YES;
				ENABLE_TESTABILITY = YES;
				GCC_C_LANGUAGE_STANDARD = gnu11;
				GCC_DYNAMIC_NO_PIC = NO;
				GCC_NO_COMMON_BLOCKS = YES;
				GCC_OPTIMIZATION_LEVEL = 0;
				GCC_PREPROCESSOR_DEFINITIONS = (
					"DEBUG=1",
					"$(inherited)",
				);
				GCC_WARN_64_TO_32_BIT_CONVERSION = YES;
				GCC_WARN_ABOUT_RETURN_TYPE = YES_ERROR;
				GCC_WARN_UNDECLARED_SELECTOR = YES;
				GCC_WARN_UNINITIALIZED_AUTOS = YES_AGGRESSIVE;
				GCC_WARN_UNUSED_FUNCTION = YES;
				GCC_WARN_UNUSED_VARIABLE = YES;
				IPHONEOS_DEPLOYMENT_TARGET = 13.2;
				MTL_ENABLE_DEBUG_INFO = INCLUDE_SOURCE;
				MTL_FAST_MATH = YES;
				ONLY_ACTIVE_ARCH = YES;
				SDKROOT = iphoneos;
				SWIFT_ACTIVE_COMPILATION_CONDITIONS = DEBUG;
				SWIFT_OPTIMIZATION_LEVEL = "-Onone";
			};
			name = Debug;
		};
		BDF8B19924BE28000021106F /* Release */ = {
			isa = XCBuildConfiguration;
			buildSettings = {
				ALWAYS_SEARCH_USER_PATHS = NO;
				CLANG_ANALYZER_NONNULL = YES;
				CLANG_ANALYZER_NUMBER_OBJECT_CONVERSION = YES_AGGRESSIVE;
				CLANG_CXX_LANGUAGE_STANDARD = "gnu++14";
				CLANG_CXX_LIBRARY = "libc++";
				CLANG_ENABLE_MODULES = YES;
				CLANG_ENABLE_OBJC_ARC = YES;
				CLANG_ENABLE_OBJC_WEAK = YES;
				CLANG_WARN_BLOCK_CAPTURE_AUTORELEASING = YES;
				CLANG_WARN_BOOL_CONVERSION = YES;
				CLANG_WARN_COMMA = YES;
				CLANG_WARN_CONSTANT_CONVERSION = YES;
				CLANG_WARN_DEPRECATED_OBJC_IMPLEMENTATIONS = YES;
				CLANG_WARN_DIRECT_OBJC_ISA_USAGE = YES_ERROR;
				CLANG_WARN_DOCUMENTATION_COMMENTS = YES;
				CLANG_WARN_EMPTY_BODY = YES;
				CLANG_WARN_ENUM_CONVERSION = YES;
				CLANG_WARN_INFINITE_RECURSION = YES;
				CLANG_WARN_INT_CONVERSION = YES;
				CLANG_WARN_NON_LITERAL_NULL_CONVERSION = YES;
				CLANG_WARN_OBJC_IMPLICIT_RETAIN_SELF = YES;
				CLANG_WARN_OBJC_LITERAL_CONVERSION = YES;
				CLANG_WARN_OBJC_ROOT_CLASS = YES_ERROR;
				CLANG_WARN_RANGE_LOOP_ANALYSIS = YES;
				CLANG_WARN_STRICT_PROTOTYPES = YES;
				CLANG_WARN_SUSPICIOUS_MOVE = YES;
				CLANG_WARN_UNGUARDED_AVAILABILITY = YES_AGGRESSIVE;
				CLANG_WARN_UNREACHABLE_CODE = YES;
				CLANG_WARN__DUPLICATE_METHOD_MATCH = YES;
				COPY_PHASE_STRIP = NO;
				DEBUG_INFORMATION_FORMAT = "dwarf-with-dsym";
				ENABLE_NS_ASSERTIONS = NO;
				ENABLE_STRICT_OBJC_MSGSEND = YES;
				GCC_C_LANGUAGE_STANDARD = gnu11;
				GCC_NO_COMMON_BLOCKS = YES;
				GCC_WARN_64_TO_32_BIT_CONVERSION = YES;
				GCC_WARN_ABOUT_RETURN_TYPE = YES_ERROR;
				GCC_WARN_UNDECLARED_SELECTOR = YES;
				GCC_WARN_UNINITIALIZED_AUTOS = YES_AGGRESSIVE;
				GCC_WARN_UNUSED_FUNCTION = YES;
				GCC_WARN_UNUSED_VARIABLE = YES;
				IPHONEOS_DEPLOYMENT_TARGET = 13.2;
				MTL_ENABLE_DEBUG_INFO = NO;
				MTL_FAST_MATH = YES;
				SDKROOT = iphoneos;
				SWIFT_COMPILATION_MODE = wholemodule;
				SWIFT_OPTIMIZATION_LEVEL = "-O";
				VALIDATE_PRODUCT = YES;
			};
			name = Release;
		};
		BDF8B19B24BE28000021106F /* Debug */ = {
			isa = XCBuildConfiguration;
			baseConfigurationReference = 469B702365EC80B8322742B4 /* Pods-AxxessChallenge.debug.xcconfig */;
			buildSettings = {
				ASSETCATALOG_COMPILER_APPICON_NAME = AppIcon;
				CODE_SIGN_STYLE = Automatic;
				DEVELOPMENT_TEAM = P8VCF7PPKQ;
				INFOPLIST_FILE = AxxessChallenge/Info.plist;
				LD_RUNPATH_SEARCH_PATHS = (
					"$(inherited)",
					"@executable_path/Frameworks",
				);
				PRODUCT_BUNDLE_IDENTIFIER = com.nqaze.AxxessChallenge;
				PRODUCT_NAME = "$(TARGET_NAME)";
				SWIFT_VERSION = 5.0;
				TARGETED_DEVICE_FAMILY = 1;
			};
			name = Debug;
		};
		BDF8B19C24BE28000021106F /* Release */ = {
			isa = XCBuildConfiguration;
			baseConfigurationReference = 11DE8168F30AF10202310EF4 /* Pods-AxxessChallenge.release.xcconfig */;
			buildSettings = {
				ASSETCATALOG_COMPILER_APPICON_NAME = AppIcon;
				CODE_SIGN_STYLE = Automatic;
				DEVELOPMENT_TEAM = P8VCF7PPKQ;
				INFOPLIST_FILE = AxxessChallenge/Info.plist;
				LD_RUNPATH_SEARCH_PATHS = (
					"$(inherited)",
					"@executable_path/Frameworks",
				);
				PRODUCT_BUNDLE_IDENTIFIER = com.nqaze.AxxessChallenge;
				PRODUCT_NAME = "$(TARGET_NAME)";
				SWIFT_VERSION = 5.0;
				TARGETED_DEVICE_FAMILY = 1;
			};
			name = Release;
		};
		BDF8B19E24BE28000021106F /* Debug */ = {
			isa = XCBuildConfiguration;
			baseConfigurationReference = FFB1A74EB4663123BBB44BB3 /* Pods-AxxessChallengeTests.debug.xcconfig */;
			buildSettings = {
				ALWAYS_EMBED_SWIFT_STANDARD_LIBRARIES = YES;
				BUNDLE_LOADER = "$(TEST_HOST)";
				CODE_SIGN_STYLE = Automatic;
				DEVELOPMENT_TEAM = P8VCF7PPKQ;
				INFOPLIST_FILE = AxxessChallengeTests/Info.plist;
				IPHONEOS_DEPLOYMENT_TARGET = 13.2;
				LD_RUNPATH_SEARCH_PATHS = (
					"$(inherited)",
					"@executable_path/Frameworks",
					"@loader_path/Frameworks",
				);
				PRODUCT_BUNDLE_IDENTIFIER = com.nqaze.AxxessChallengeTests;
				PRODUCT_NAME = "$(TARGET_NAME)";
				SWIFT_VERSION = 5.0;
				TARGETED_DEVICE_FAMILY = "1,2";
				TEST_HOST = "$(BUILT_PRODUCTS_DIR)/AxxessChallenge.app/AxxessChallenge";
			};
			name = Debug;
		};
		BDF8B19F24BE28000021106F /* Release */ = {
			isa = XCBuildConfiguration;
			baseConfigurationReference = 6C827FC0779504332A3EFCE9 /* Pods-AxxessChallengeTests.release.xcconfig */;
			buildSettings = {
				ALWAYS_EMBED_SWIFT_STANDARD_LIBRARIES = YES;
				BUNDLE_LOADER = "$(TEST_HOST)";
				CODE_SIGN_STYLE = Automatic;
				DEVELOPMENT_TEAM = P8VCF7PPKQ;
				INFOPLIST_FILE = AxxessChallengeTests/Info.plist;
				IPHONEOS_DEPLOYMENT_TARGET = 13.2;
				LD_RUNPATH_SEARCH_PATHS = (
					"$(inherited)",
					"@executable_path/Frameworks",
					"@loader_path/Frameworks",
				);
				PRODUCT_BUNDLE_IDENTIFIER = com.nqaze.AxxessChallengeTests;
				PRODUCT_NAME = "$(TARGET_NAME)";
				SWIFT_VERSION = 5.0;
				TARGETED_DEVICE_FAMILY = "1,2";
				TEST_HOST = "$(BUILT_PRODUCTS_DIR)/AxxessChallenge.app/AxxessChallenge";
			};
			name = Release;
		};
		BDF8B1A124BE28000021106F /* Debug */ = {
			isa = XCBuildConfiguration;
			baseConfigurationReference = C5041F2AD9893E4A6D9764E6 /* Pods-AxxessChallenge-AxxessChallengeUITests.debug.xcconfig */;
			buildSettings = {
				ALWAYS_EMBED_SWIFT_STANDARD_LIBRARIES = YES;
				CODE_SIGN_STYLE = Automatic;
				DEVELOPMENT_TEAM = P8VCF7PPKQ;
				INFOPLIST_FILE = AxxessChallengeUITests/Info.plist;
				LD_RUNPATH_SEARCH_PATHS = (
					"$(inherited)",
					"@executable_path/Frameworks",
					"@loader_path/Frameworks",
				);
				PRODUCT_BUNDLE_IDENTIFIER = com.nqaze.AxxessChallengeUITests;
				PRODUCT_NAME = "$(TARGET_NAME)";
				SWIFT_VERSION = 5.0;
				TARGETED_DEVICE_FAMILY = "1,2";
				TEST_TARGET_NAME = AxxessChallenge;
			};
			name = Debug;
		};
		BDF8B1A224BE28000021106F /* Release */ = {
			isa = XCBuildConfiguration;
			baseConfigurationReference = 45C1E5C38F8EAE22A3C13981 /* Pods-AxxessChallenge-AxxessChallengeUITests.release.xcconfig */;
			buildSettings = {
				ALWAYS_EMBED_SWIFT_STANDARD_LIBRARIES = YES;
				CODE_SIGN_STYLE = Automatic;
				DEVELOPMENT_TEAM = P8VCF7PPKQ;
				INFOPLIST_FILE = AxxessChallengeUITests/Info.plist;
				LD_RUNPATH_SEARCH_PATHS = (
					"$(inherited)",
					"@executable_path/Frameworks",
					"@loader_path/Frameworks",
				);
				PRODUCT_BUNDLE_IDENTIFIER = com.nqaze.AxxessChallengeUITests;
				PRODUCT_NAME = "$(TARGET_NAME)";
				SWIFT_VERSION = 5.0;
				TARGETED_DEVICE_FAMILY = "1,2";
				TEST_TARGET_NAME = AxxessChallenge;
			};
			name = Release;
		};
/* End XCBuildConfiguration section */

/* Begin XCConfigurationList section */
		BDF8B16B24BE27F80021106F /* Build configuration list for PBXProject "AxxessChallenge" */ = {
			isa = XCConfigurationList;
			buildConfigurations = (
				BDF8B19824BE28000021106F /* Debug */,
				BDF8B19924BE28000021106F /* Release */,
			);
			defaultConfigurationIsVisible = 0;
			defaultConfigurationName = Release;
		};
		BDF8B19A24BE28000021106F /* Build configuration list for PBXNativeTarget "AxxessChallenge" */ = {
			isa = XCConfigurationList;
			buildConfigurations = (
				BDF8B19B24BE28000021106F /* Debug */,
				BDF8B19C24BE28000021106F /* Release */,
			);
			defaultConfigurationIsVisible = 0;
			defaultConfigurationName = Release;
		};
		BDF8B19D24BE28000021106F /* Build configuration list for PBXNativeTarget "AxxessChallengeTests" */ = {
			isa = XCConfigurationList;
			buildConfigurations = (
				BDF8B19E24BE28000021106F /* Debug */,
				BDF8B19F24BE28000021106F /* Release */,
			);
			defaultConfigurationIsVisible = 0;
			defaultConfigurationName = Release;
		};
		BDF8B1A024BE28000021106F /* Build configuration list for PBXNativeTarget "AxxessChallengeUITests" */ = {
			isa = XCConfigurationList;
			buildConfigurations = (
				BDF8B1A124BE28000021106F /* Debug */,
				BDF8B1A224BE28000021106F /* Release */,
			);
			defaultConfigurationIsVisible = 0;
			defaultConfigurationName = Release;
		};
/* End XCConfigurationList section */
	};
	rootObject = BDF8B16824BE27F80021106F /* Project object */;
}
